
Microsoft Visual Studio Solution File, Format Version 12.00
# Visual Studio Version 16
VisualStudioVersion = 16.0.31911.196
MinimumVisualStudioVersion = 10.0.40219.1
Project("{8BC9CEB8-8B4A-11D0-8D11-00A0C91BC942}") = "lab5__2sem", "lab5__2sem\lab5__2sem.vcxproj", "{353C9AAD-CECE-42B8-A7EE-71E3CFEDDB44}"
EndProject
Global
	GlobalSection(SolutionConfigurationPlatforms) = preSolution
		Debug|x64 = Debug|x64
		Debug|x86 = Debug|x86
		Release|x64 = Release|x64
		Release|x86 = Release|x86
	EndGlobalSection
	GlobalSection(ProjectConfigurationPlatforms) = postSolution
		{353C9AAD-CECE-42B8-A7EE-71E3CFEDDB44}.Debug|x64.ActiveCfg = Debug|x64
		{353C9AAD-CECE-42B8-A7EE-71E3CFEDDB44}.Debug|x64.Build.0 = Debug|x64
		{353C9AAD-CECE-42B8-A7EE-71E3CFEDDB44}.Debug|x86.ActiveCfg = Debug|Win32
		{353C9AAD-CECE-42B8-A7EE-71E3CFEDDB44}.Debug|x86.Build.0 = Debug|Win32
		{353C9AAD-CECE-42B8-A7EE-71E3CFEDDB44}.Release|x64.ActiveCfg = Release|x64
		{353C9AAD-CECE-42B8-A7EE-71E3CFEDDB44}.Release|x64.Build.0 = Release|x64
		{353C9AAD-CECE-42B8-A7EE-71E3CFEDDB44}.Release|x86.ActiveCfg = Release|Win32
		{353C9AAD-CECE-42B8-A7EE-71E3CFEDDB44}.Release|x86.Build.0 = Release|Win32
	EndGlobalSection
	GlobalSection(SolutionProperties) = preSolution
		HideSolutionNode = FALSE
	EndGlobalSection
	GlobalSection(ExtensibilityGlobals) = postSolution
		SolutionGuid = {0FBA1F75-6A60-439B-82BF-6065307EA260}
	EndGlobalSection
EndGlobal
