
Microsoft Visual Studio Solution File, Format Version 12.00
# Visual Studio Version 16
VisualStudioVersion = 16.0.31911.196
MinimumVisualStudioVersion = 10.0.40219.1
Project("{8BC9CEB8-8B4A-11D0-8D11-00A0C91BC942}") = "lab9", "lab9\lab9.vcxproj", "{0C4769C1-7B9B-465B-8F36-2FBFDAFAD8D0}"
EndProject
Global
	GlobalSection(SolutionConfigurationPlatforms) = preSolution
		Debug|x64 = Debug|x64
		Debug|x86 = Debug|x86
		Release|x64 = Release|x64
		Release|x86 = Release|x86
	EndGlobalSection
	GlobalSection(ProjectConfigurationPlatforms) = postSolution
		{0C4769C1-7B9B-465B-8F36-2FBFDAFAD8D0}.Debug|x64.ActiveCfg = Debug|x64
		{0C4769C1-7B9B-465B-8F36-2FBFDAFAD8D0}.Debug|x64.Build.0 = Debug|x64
		{0C4769C1-7B9B-465B-8F36-2FBFDAFAD8D0}.Debug|x86.ActiveCfg = Debug|Win32
		{0C4769C1-7B9B-465B-8F36-2FBFDAFAD8D0}.Debug|x86.Build.0 = Debug|Win32
		{0C4769C1-7B9B-465B-8F36-2FBFDAFAD8D0}.Release|x64.ActiveCfg = Release|x64
		{0C4769C1-7B9B-465B-8F36-2FBFDAFAD8D0}.Release|x64.Build.0 = Release|x64
		{0C4769C1-7B9B-465B-8F36-2FBFDAFAD8D0}.Release|x86.ActiveCfg = Release|Win32
		{0C4769C1-7B9B-465B-8F36-2FBFDAFAD8D0}.Release|x86.Build.0 = Release|Win32
	EndGlobalSection
	GlobalSection(SolutionProperties) = preSolution
		HideSolutionNode = FALSE
	EndGlobalSection
	GlobalSection(ExtensibilityGlobals) = postSolution
		SolutionGuid = {CD62CE13-F0FE-4681-8649-F6F51928AA8B}
	EndGlobalSection
EndGlobal
